
Microsoft Visual Studio Solution File, Format Version 12.00
# Visual Studio Version 17
VisualStudioVersion = 17.0.31903.59
MinimumVisualStudioVersion = 10.0.40219.1
Project("{2150E333-8FDC-42A3-9474-1A3956D46DE8}") = "src", "src", "{827E0CD3-B72D-47B6-A68D-7590B98EB39B}"
EndProject
Project("{2150E333-8FDC-42A3-9474-1A3956D46DE8}") = "Apps", "Apps", "{AD2A5A3B-A595-3E96-334A-002D08FE630C}"
EndProject
Project("{FAE04EC0-301F-11D3-BF4B-00C04F79EFBC}") = "RezSaaS.Api", "src\Apps\RezSaaS.Api\RezSaaS.Api.csproj", "{B2260B42-33D5-4142-BB2D-11313E794264}"
EndProject
Project("{2150E333-8FDC-42A3-9474-1A3956D46DE8}") = "BuildingBlocks", "BuildingBlocks", "{90298CBA-BD6F-3A0A-69D5-97CAD7B05E7E}"
EndProject
Project("{FAE04EC0-301F-11D3-BF4B-00C04F79EFBC}") = "RezSaaS.BuildingBlocks", "src\BuildingBlocks\RezSaaS.BuildingBlocks\RezSaaS.BuildingBlocks.csproj", "{D3D7229C-19DA-4348-9D6C-1F6855E7310D}"
EndProject
Project("{2150E333-8FDC-42A3-9474-1A3956D46DE8}") = "Modules", "Modules", "{EC447DCF-ABFA-6E24-52A5-D7FD48A5C558}"
EndProject
Project("{FAE04EC0-301F-11D3-BF4B-00C04F79EFBC}") = "RezSaaS.Modules.Admin", "src\Modules\RezSaaS.Modules.Admin\RezSaaS.Modules.Admin.csproj", "{A578F851-D81B-4E41-9FE8-746A890BC22F}"
EndProject
Project("{FAE04EC0-301F-11D3-BF4B-00C04F79EFBC}") = "RezSaaS.Modules.Availability", "src\Modules\RezSaaS.Modules.Availability\RezSaaS.Modules.Availability.csproj", "{097D1440-867F-400D-814C-88BF7FBBBDAA}"
EndProject
Project("{FAE04EC0-301F-11D3-BF4B-00C04F79EFBC}") = "RezSaaS.Modules.Booking", "src\Modules\RezSaaS.Modules.Booking\RezSaaS.Modules.Booking.csproj", "{D3F04323-51A4-4E59-844E-96F351D02AA0}"
EndProject
Project("{FAE04EC0-301F-11D3-BF4B-00C04F79EFBC}") = "RezSaaS.Modules.Catalog", "src\Modules\RezSaaS.Modules.Catalog\RezSaaS.Modules.Catalog.csproj", "{BD2799B2-F9CD-462C-9B17-7EC8D15B9F08}"
EndProject
Project("{FAE04EC0-301F-11D3-BF4B-00C04F79EFBC}") = "RezSaaS.Modules.Identity", "src\Modules\RezSaaS.Modules.Identity\RezSaaS.Modules.Identity.csproj", "{C2A31C31-06CD-42FE-AA66-AD1E8844FED6}"
EndProject
Project("{FAE04EC0-301F-11D3-BF4B-00C04F79EFBC}") = "RezSaaS.Modules.Messaging", "src\Modules\RezSaaS.Modules.Messaging\RezSaaS.Modules.Messaging.csproj", "{33C19823-3A4F-4EB4-BDB7-EA0E78323180}"
EndProject
Project("{FAE04EC0-301F-11D3-BF4B-00C04F79EFBC}") = "RezSaaS.Modules.Organization", "src\Modules\RezSaaS.Modules.Organization\RezSaaS.Modules.Organization.csproj", "{8CA56A8A-A618-4E86-A3E5-D9533F6B290D}"
EndProject
Project("{FAE04EC0-301F-11D3-BF4B-00C04F79EFBC}") = "RezSaaS.Modules.Resources", "src\Modules\RezSaaS.Modules.Resources\RezSaaS.Modules.Resources.csproj", "{DF9E1005-3D6A-4878-A290-3EA8314F7583}"
EndProject
Project("{FAE04EC0-301F-11D3-BF4B-00C04F79EFBC}") = "RezSaaS.Modules.Reviews", "src\Modules\RezSaaS.Modules.Reviews\RezSaaS.Modules.Reviews.csproj", "{C4C79BED-5A56-4D39-BAC2-29EDB96D4AC5}"
EndProject
Project("{FAE04EC0-301F-11D3-BF4B-00C04F79EFBC}") = "RezSaaS.Modules.TenantManagement", "src\Modules\RezSaaS.Modules.TenantManagement\RezSaaS.Modules.TenantManagement.csproj", "{55D44A95-D4D0-4F3C-B070-EE9A3AC69E9C}"
EndProject
Project("{2150E333-8FDC-42A3-9474-1A3956D46DE8}") = "tests", "tests", "{0AB3BF05-4346-4AA6-1389-037BE0695223}"
EndProject
Project("{FAE04EC0-301F-11D3-BF4B-00C04F79EFBC}") = "RezSaaS.ArchitectureTests", "tests\RezSaaS.ArchitectureTests\RezSaaS.ArchitectureTests.csproj", "{E94ADFBC-80DD-4455-9238-1CD4EEC8BBCD}"
EndProject
Project("{FAE04EC0-301F-11D3-BF4B-00C04F79EFBC}") = "RezSaaS.IdentityIntegrationTests", "tests\RezSaaS.IdentityIntegrationTests\RezSaaS.IdentityIntegrationTests.csproj", "{D9866F5E-E2C2-4084-B07C-1D190AB6C896}"
EndProject
Project("{FAE04EC0-301F-11D3-BF4B-00C04F79EFBC}") = "RezSaaS.TenantManagementIntegrationTests", "tests\RezSaaS.TenantManagementIntegrationTests\RezSaaS.TenantManagementIntegrationTests.csproj", "{95718ED7-943E-4029-94A2-A624FDE0A409}"
EndProject
Project("{FAE04EC0-301F-11D3-BF4B-00C04F79EFBC}") = "RezSaaS.Phase1CoreIntegrationTests", "tests\RezSaaS.Phase1CoreIntegrationTests\RezSaaS.Phase1CoreIntegrationTests.csproj", "{27A69FF3-7EEC-4D7E-BEB8-8FDEA07B0C83}"
EndProject
Project("{FAE04EC0-301F-11D3-BF4B-00C04F79EFBC}") = "RezSaaS.Modules.Payments", "src\Modules\RezSaaS.Modules.Payments\RezSaaS.Modules.Payments.csproj", "{42AAA33B-66F1-4519-8EC8-3C6450811BB6}"
EndProject
Project("{FAE04EC0-301F-11D3-BF4B-00C04F79EFBC}") = "RezSaaS.Modules.Integrations", "src\Modules\RezSaaS.Modules.Integrations\RezSaaS.Modules.Integrations.csproj", "{F8339C63-9B98-4A5C-950F-26DF23FEDE90}"
EndProject
Global
	GlobalSection(SolutionConfigurationPlatforms) = preSolution
		Debug|Any CPU = Debug|Any CPU
		Debug|x64 = Debug|x64
		Debug|x86 = Debug|x86
		Release|Any CPU = Release|Any CPU
		Release|x64 = Release|x64
		Release|x86 = Release|x86
	EndGlobalSection
	GlobalSection(ProjectConfigurationPlatforms) = postSolution
		{B2260B42-33D5-4142-BB2D-11313E794264}.Debug|Any CPU.ActiveCfg = Debug|Any CPU
		{B2260B42-33D5-4142-BB2D-11313E794264}.Debug|Any CPU.Build.0 = Debug|Any CPU
		{B2260B42-33D5-4142-BB2D-11313E794264}.Debug|x64.ActiveCfg = Debug|Any CPU
		{B2260B42-33D5-4142-BB2D-11313E794264}.Debug|x64.Build.0 = Debug|Any CPU
		{B2260B42-33D5-4142-BB2D-11313E794264}.Debug|x86.ActiveCfg = Debug|Any CPU
		{B2260B42-33D5-4142-BB2D-11313E794264}.Debug|x86.Build.0 = Debug|Any CPU
		{B2260B42-33D5-4142-BB2D-11313E794264}.Release|Any CPU.ActiveCfg = Release|Any CPU
		{B2260B42-33D5-4142-BB2D-11313E794264}.Release|Any CPU.Build.0 = Release|Any CPU
		{B2260B42-33D5-4142-BB2D-11313E794264}.Release|x64.ActiveCfg = Release|Any CPU
		{B2260B42-33D5-4142-BB2D-11313E794264}.Release|x64.Build.0 = Release|Any CPU
		{B2260B42-33D5-4142-BB2D-11313E794264}.Release|x86.ActiveCfg = Release|Any CPU
		{B2260B42-33D5-4142-BB2D-11313E794264}.Release|x86.Build.0 = Release|Any CPU
		{D3D7229C-19DA-4348-9D6C-1F6855E7310D}.Debug|Any CPU.ActiveCfg = Debug|Any CPU
		{D3D7229C-19DA-4348-9D6C-1F6855E7310D}.Debug|Any CPU.Build.0 = Debug|Any CPU
		{D3D7229C-19DA-4348-9D6C-1F6855E7310D}.Debug|x64.ActiveCfg = Debug|Any CPU
		{D3D7229C-19DA-4348-9D6C-1F6855E7310D}.Debug|x64.Build.0 = Debug|Any CPU
		{D3D7229C-19DA-4348-9D6C-1F6855E7310D}.Debug|x86.ActiveCfg = Debug|Any CPU
		{D3D7229C-19DA-4348-9D6C-1F6855E7310D}.Debug|x86.Build.0 = Debug|Any CPU
		{D3D7229C-19DA-4348-9D6C-1F6855E7310D}.Release|Any CPU.ActiveCfg = Release|Any CPU
		{D3D7229C-19DA-4348-9D6C-1F6855E7310D}.Release|Any CPU.Build.0 = Release|Any CPU
		{D3D7229C-19DA-4348-9D6C-1F6855E7310D}.Release|x64.ActiveCfg = Release|Any CPU
		{D3D7229C-19DA-4348-9D6C-1F6855E7310D}.Release|x64.Build.0 = Release|Any CPU
		{D3D7229C-19DA-4348-9D6C-1F6855E7310D}.Release|x86.ActiveCfg = Release|Any CPU
		{D3D7229C-19DA-4348-9D6C-1F6855E7310D}.Release|x86.Build.0 = Release|Any CPU
		{A578F851-D81B-4E41-9FE8-746A890BC22F}.Debug|Any CPU.ActiveCfg = Debug|Any CPU
		{A578F851-D81B-4E41-9FE8-746A890BC22F}.Debug|Any CPU.Build.0 = Debug|Any CPU
		{A578F851-D81B-4E41-9FE8-746A890BC22F}.Debug|x64.ActiveCfg = Debug|Any CPU
		{A578F851-D81B-4E41-9FE8-746A890BC22F}.Debug|x64.Build.0 = Debug|Any CPU
		{A578F851-D81B-4E41-9FE8-746A890BC22F}.Debug|x86.ActiveCfg = Debug|Any CPU
		{A578F851-D81B-4E41-9FE8-746A890BC22F}.Debug|x86.Build.0 = Debug|Any CPU
		{A578F851-D81B-4E41-9FE8-746A890BC22F}.Release|Any CPU.ActiveCfg = Release|Any CPU
		{A578F851-D81B-4E41-9FE8-746A890BC22F}.Release|Any CPU.Build.0 = Release|Any CPU
		{A578F851-D81B-4E41-9FE8-746A890BC22F}.Release|x64.ActiveCfg = Release|Any CPU
		{A578F851-D81B-4E41-9FE8-746A890BC22F}.Release|x64.Build.0 = Release|Any CPU
		{A578F851-D81B-4E41-9FE8-746A890BC22F}.Release|x86.ActiveCfg = Release|Any CPU
		{A578F851-D81B-4E41-9FE8-746A890BC22F}.Release|x86.Build.0 = Release|Any CPU
		{097D1440-867F-400D-814C-88BF7FBBBDAA}.Debug|Any CPU.ActiveCfg = Debug|Any CPU
		{097D1440-867F-400D-814C-88BF7FBBBDAA}.Debug|Any CPU.Build.0 = Debug|Any CPU
		{097D1440-867F-400D-814C-88BF7FBBBDAA}.Debug|x64.ActiveCfg = Debug|Any CPU
		{097D1440-867F-400D-814C-88BF7FBBBDAA}.Debug|x64.Build.0 = Debug|Any CPU
		{097D1440-867F-400D-814C-88BF7FBBBDAA}.Debug|x86.ActiveCfg = Debug|Any CPU
		{097D1440-867F-400D-814C-88BF7FBBBDAA}.Debug|x86.Build.0 = Debug|Any CPU
		{097D1440-867F-400D-814C-88BF7FBBBDAA}.Release|Any CPU.ActiveCfg = Release|Any CPU
		{097D1440-867F-400D-814C-88BF7FBBBDAA}.Release|Any CPU.Build.0 = Release|Any CPU
		{097D1440-867F-400D-814C-88BF7FBBBDAA}.Release|x64.ActiveCfg = Release|Any CPU
		{097D1440-867F-400D-814C-88BF7FBBBDAA}.Release|x64.Build.0 = Release|Any CPU
		{097D1440-867F-400D-814C-88BF7FBBBDAA}.Release|x86.ActiveCfg = Release|Any CPU
		{097D1440-867F-400D-814C-88BF7FBBBDAA}.Release|x86.Build.0 = Release|Any CPU
		{D3F04323-51A4-4E59-844E-96F351D02AA0}.Debug|Any CPU.ActiveCfg = Debug|Any CPU
		{D3F04323-51A4-4E59-844E-96F351D02AA0}.Debug|Any CPU.Build.0 = Debug|Any CPU
		{D3F04323-51A4-4E59-844E-96F351D02AA0}.Debug|x64.ActiveCfg = Debug|Any CPU
		{D3F04323-51A4-4E59-844E-96F351D02AA0}.Debug|x64.Build.0 = Debug|Any CPU
		{D3F04323-51A4-4E59-844E-96F351D02AA0}.Debug|x86.ActiveCfg = Debug|Any CPU
		{D3F04323-51A4-4E59-844E-96F351D02AA0}.Debug|x86.Build.0 = Debug|Any CPU
		{D3F04323-51A4-4E59-844E-96F351D02AA0}.Release|Any CPU.ActiveCfg = Release|Any CPU
		{D3F04323-51A4-4E59-844E-96F351D02AA0}.Release|Any CPU.Build.0 = Release|Any CPU
		{D3F04323-51A4-4E59-844E-96F351D02AA0}.Release|x64.ActiveCfg = Release|Any CPU
		{D3F04323-51A4-4E59-844E-96F351D02AA0}.Release|x64.Build.0 = Release|Any CPU
		{D3F04323-51A4-4E59-844E-96F351D02AA0}.Release|x86.ActiveCfg = Release|Any CPU
		{D3F04323-51A4-4E59-844E-96F351D02AA0}.Release|x86.Build.0 = Release|Any CPU
		{BD2799B2-F9CD-462C-9B17-7EC8D15B9F08}.Debug|Any CPU.ActiveCfg = Debug|Any CPU
		{BD2799B2-F9CD-462C-9B17-7EC8D15B9F08}.Debug|Any CPU.Build.0 = Debug|Any CPU
		{BD2799B2-F9CD-462C-9B17-7EC8D15B9F08}.Debug|x64.ActiveCfg = Debug|Any CPU
		{BD2799B2-F9CD-462C-9B17-7EC8D15B9F08}.Debug|x64.Build.0 = Debug|Any CPU
		{BD2799B2-F9CD-462C-9B17-7EC8D15B9F08}.Debug|x86.ActiveCfg = Debug|Any CPU
		{BD2799B2-F9CD-462C-9B17-7EC8D15B9F08}.Debug|x86.Build.0 = Debug|Any CPU
		{BD2799B2-F9CD-462C-9B17-7EC8D15B9F08}.Release|Any CPU.ActiveCfg = Release|Any CPU
		{BD2799B2-F9CD-462C-9B17-7EC8D15B9F08}.Release|Any CPU.Build.0 = Release|Any CPU
		{BD2799B2-F9CD-462C-9B17-7EC8D15B9F08}.Release|x64.ActiveCfg = Release|Any CPU
		{BD2799B2-F9CD-462C-9B17-7EC8D15B9F08}.Release|x64.Build.0 = Release|Any CPU
		{BD2799B2-F9CD-462C-9B17-7EC8D15B9F08}.Release|x86.ActiveCfg = Release|Any CPU
		{BD2799B2-F9CD-462C-9B17-7EC8D15B9F08}.Release|x86.Build.0 = Release|Any CPU
		{C2A31C31-06CD-42FE-AA66-AD1E8844FED6}.Debug|Any CPU.ActiveCfg = Debug|Any CPU
		{C2A31C31-06CD-42FE-AA66-AD1E8844FED6}.Debug|Any CPU.Build.0 = Debug|Any CPU
		{C2A31C31-06CD-42FE-AA66-AD1E8844FED6}.Debug|x64.ActiveCfg = Debug|Any CPU
		{C2A31C31-06CD-42FE-AA66-AD1E8844FED6}.Debug|x64.Build.0 = Debug|Any CPU
		{C2A31C31-06CD-42FE-AA66-AD1E8844FED6}.Debug|x86.ActiveCfg = Debug|Any CPU
		{C2A31C31-06CD-42FE-AA66-AD1E8844FED6}.Debug|x86.Build.0 = Debug|Any CPU
		{C2A31C31-06CD-42FE-AA66-AD1E8844FED6}.Release|Any CPU.ActiveCfg = Release|Any CPU
		{C2A31C31-06CD-42FE-AA66-AD1E8844FED6}.Release|Any CPU.Build.0 = Release|Any CPU
		{C2A31C31-06CD-42FE-AA66-AD1E8844FED6}.Release|x64.ActiveCfg = Release|Any CPU
		{C2A31C31-06CD-42FE-AA66-AD1E8844FED6}.Release|x64.Build.0 = Release|Any CPU
		{C2A31C31-06CD-42FE-AA66-AD1E8844FED6}.Release|x86.ActiveCfg = Release|Any CPU
		{C2A31C31-06CD-42FE-AA66-AD1E8844FED6}.Release|x86.Build.0 = Release|Any CPU
		{33C19823-3A4F-4EB4-BDB7-EA0E78323180}.Debug|Any CPU.ActiveCfg = Debug|Any CPU
		{33C19823-3A4F-4EB4-BDB7-EA0E78323180}.Debug|Any CPU.Build.0 = Debug|Any CPU
		{33C19823-3A4F-4EB4-BDB7-EA0E78323180}.Debug|x64.ActiveCfg = Debug|Any CPU
		{33C19823-3A4F-4EB4-BDB7-EA0E78323180}.Debug|x64.Build.0 = Debug|Any CPU
		{33C19823-3A4F-4EB4-BDB7-EA0E78323180}.Debug|x86.ActiveCfg = Debug|Any CPU
		{33C19823-3A4F-4EB4-BDB7-EA0E78323180}.Debug|x86.Build.0 = Debug|Any CPU
		{33C19823-3A4F-4EB4-BDB7-EA0E78323180}.Release|Any CPU.ActiveCfg = Release|Any CPU
		{33C19823-3A4F-4EB4-BDB7-EA0E78323180}.Release|Any CPU.Build.0 = Release|Any CPU
		{33C19823-3A4F-4EB4-BDB7-EA0E78323180}.Release|x64.ActiveCfg = Release|Any CPU
		{33C19823-3A4F-4EB4-BDB7-EA0E78323180}.Release|x64.Build.0 = Release|Any CPU
		{33C19823-3A4F-4EB4-BDB7-EA0E78323180}.Release|x86.ActiveCfg = Release|Any CPU
		{33C19823-3A4F-4EB4-BDB7-EA0E78323180}.Release|x86.Build.0 = Release|Any CPU
		{8CA56A8A-A618-4E86-A3E5-D9533F6B290D}.Debug|Any CPU.ActiveCfg = Debug|Any CPU
		{8CA56A8A-A618-4E86-A3E5-D9533F6B290D}.Debug|Any CPU.Build.0 = Debug|Any CPU
		{8CA56A8A-A618-4E86-A3E5-D9533F6B290D}.Debug|x64.ActiveCfg = Debug|Any CPU
		{8CA56A8A-A618-4E86-A3E5-D9533F6B290D}.Debug|x64.Build.0 = Debug|Any CPU
		{8CA56A8A-A618-4E86-A3E5-D9533F6B290D}.Debug|x86.ActiveCfg = Debug|Any CPU
		{8CA56A8A-A618-4E86-A3E5-D9533F6B290D}.Debug|x86.Build.0 = Debug|Any CPU
		{8CA56A8A-A618-4E86-A3E5-D9533F6B290D}.Release|Any CPU.ActiveCfg = Release|Any CPU
		{8CA56A8A-A618-4E86-A3E5-D9533F6B290D}.Release|Any CPU.Build.0 = Release|Any CPU
		{8CA56A8A-A618-4E86-A3E5-D9533F6B290D}.Release|x64.ActiveCfg = Release|Any CPU
		{8CA56A8A-A618-4E86-A3E5-D9533F6B290D}.Release|x64.Build.0 = Release|Any CPU
		{8CA56A8A-A618-4E86-A3E5-D9533F6B290D}.Release|x86.ActiveCfg = Release|Any CPU
		{8CA56A8A-A618-4E86-A3E5-D9533F6B290D}.Release|x86.Build.0 = Release|Any CPU
		{DF9E1005-3D6A-4878-A290-3EA8314F7583}.Debug|Any CPU.ActiveCfg = Debug|Any CPU
		{DF9E1005-3D6A-4878-A290-3EA8314F7583}.Debug|Any CPU.Build.0 = Debug|Any CPU
		{DF9E1005-3D6A-4878-A290-3EA8314F7583}.Debug|x64.ActiveCfg = Debug|Any CPU
		{DF9E1005-3D6A-4878-A290-3EA8314F7583}.Debug|x64.Build.0 = Debug|Any CPU
		{DF9E1005-3D6A-4878-A290-3EA8314F7583}.Debug|x86.ActiveCfg = Debug|Any CPU
		{DF9E1005-3D6A-4878-A290-3EA8314F7583}.Debug|x86.Build.0 = Debug|Any CPU
		{DF9E1005-3D6A-4878-A290-3EA8314F7583}.Release|Any CPU.ActiveCfg = Release|Any CPU
		{DF9E1005-3D6A-4878-A290-3EA8314F7583}.Release|Any CPU.Build.0 = Release|Any CPU
		{DF9E1005-3D6A-4878-A290-3EA8314F7583}.Release|x64.ActiveCfg = Release|Any CPU
		{DF9E1005-3D6A-4878-A290-3EA8314F7583}.Release|x64.Build.0 = Release|Any CPU
		{DF9E1005-3D6A-4878-A290-3EA8314F7583}.Release|x86.ActiveCfg = Release|Any CPU
		{DF9E1005-3D6A-4878-A290-3EA8314F7583}.Release|x86.Build.0 = Release|Any CPU
		{C4C79BED-5A56-4D39-BAC2-29EDB96D4AC5}.Debug|Any CPU.ActiveCfg = Debug|Any CPU
		{C4C79BED-5A56-4D39-BAC2-29EDB96D4AC5}.Debug|Any CPU.Build.0 = Debug|Any CPU
		{C4C79BED-5A56-4D39-BAC2-29EDB96D4AC5}.Debug|x64.ActiveCfg = Debug|Any CPU
		{C4C79BED-5A56-4D39-BAC2-29EDB96D4AC5}.Debug|x64.Build.0 = Debug|Any CPU
		{C4C79BED-5A56-4D39-BAC2-29EDB96D4AC5}.Debug|x86.ActiveCfg = Debug|Any CPU
		{C4C79BED-5A56-4D39-BAC2-29EDB96D4AC5}.Debug|x86.Build.0 = Debug|Any CPU
		{C4C79BED-5A56-4D39-BAC2-29EDB96D4AC5}.Release|Any CPU.ActiveCfg = Release|Any CPU
		{C4C79BED-5A56-4D39-BAC2-29EDB96D4AC5}.Release|Any CPU.Build.0 = Release|Any CPU
		{C4C79BED-5A56-4D39-BAC2-29EDB96D4AC5}.Release|x64.ActiveCfg = Release|Any CPU
		{C4C79BED-5A56-4D39-BAC2-29EDB96D4AC5}.Release|x64.Build.0 = Release|Any CPU
		{C4C79BED-5A56-4D39-BAC2-29EDB96D4AC5}.Release|x86.ActiveCfg = Release|Any CPU
		{C4C79BED-5A56-4D39-BAC2-29EDB96D4AC5}.Release|x86.Build.0 = Release|Any CPU
		{55D44A95-D4D0-4F3C-B070-EE9A3AC69E9C}.Debug|Any CPU.ActiveCfg = Debug|Any CPU
		{55D44A95-D4D0-4F3C-B070-EE9A3AC69E9C}.Debug|Any CPU.Build.0 = Debug|Any CPU
		{55D44A95-D4D0-4F3C-B070-EE9A3AC69E9C}.Debug|x64.ActiveCfg = Debug|Any CPU
		{55D44A95-D4D0-4F3C-B070-EE9A3AC69E9C}.Debug|x64.Build.0 = Debug|Any CPU
		{55D44A95-D4D0-4F3C-B070-EE9A3AC69E9C}.Debug|x86.ActiveCfg = Debug|Any CPU
		{55D44A95-D4D0-4F3C-B070-EE9A3AC69E9C}.Debug|x86.Build.0 = Debug|Any CPU
		{55D44A95-D4D0-4F3C-B070-EE9A3AC69E9C}.Release|Any CPU.ActiveCfg = Release|Any CPU
		{55D44A95-D4D0-4F3C-B070-EE9A3AC69E9C}.Release|Any CPU.Build.0 = Release|Any CPU
		{55D44A95-D4D0-4F3C-B070-EE9A3AC69E9C}.Release|x64.ActiveCfg = Release|Any CPU
		{55D44A95-D4D0-4F3C-B070-EE9A3AC69E9C}.Release|x64.Build.0 = Release|Any CPU
		{55D44A95-D4D0-4F3C-B070-EE9A3AC69E9C}.Release|x86.ActiveCfg = Release|Any CPU
		{55D44A95-D4D0-4F3C-B070-EE9A3AC69E9C}.Release|x86.Build.0 = Release|Any CPU
		{E94ADFBC-80DD-4455-9238-1CD4EEC8BBCD}.Debug|Any CPU.ActiveCfg = Debug|Any CPU
		{E94ADFBC-80DD-4455-9238-1CD4EEC8BBCD}.Debug|Any CPU.Build.0 = Debug|Any CPU
		{E94ADFBC-80DD-4455-9238-1CD4EEC8BBCD}.Debug|x64.ActiveCfg = Debug|Any CPU
		{E94ADFBC-80DD-4455-9238-1CD4EEC8BBCD}.Debug|x64.Build.0 = Debug|Any CPU
		{E94ADFBC-80DD-4455-9238-1CD4EEC8BBCD}.Debug|x86.ActiveCfg = Debug|Any CPU
		{E94ADFBC-80DD-4455-9238-1CD4EEC8BBCD}.Debug|x86.Build.0 = Debug|Any CPU
		{E94ADFBC-80DD-4455-9238-1CD4EEC8BBCD}.Release|Any CPU.ActiveCfg = Release|Any CPU
		{E94ADFBC-80DD-4455-9238-1CD4EEC8BBCD}.Release|Any CPU.Build.0 = Release|Any CPU
		{E94ADFBC-80DD-4455-9238-1CD4EEC8BBCD}.Release|x64.ActiveCfg = Release|Any CPU
		{E94ADFBC-80DD-4455-9238-1CD4EEC8BBCD}.Release|x64.Build.0 = Release|Any CPU
		{E94ADFBC-80DD-4455-9238-1CD4EEC8BBCD}.Release|x86.ActiveCfg = Release|Any CPU
		{E94ADFBC-80DD-4455-9238-1CD4EEC8BBCD}.Release|x86.Build.0 = Release|Any CPU
		{D9866F5E-E2C2-4084-B07C-1D190AB6C896}.Debug|Any CPU.ActiveCfg = Debug|Any CPU
		{D9866F5E-E2C2-4084-B07C-1D190AB6C896}.Debug|Any CPU.Build.0 = Debug|Any CPU
		{D9866F5E-E2C2-4084-B07C-1D190AB6C896}.Debug|x64.ActiveCfg = Debug|Any CPU
		{D9866F5E-E2C2-4084-B07C-1D190AB6C896}.Debug|x64.Build.0 = Debug|Any CPU
		{D9866F5E-E2C2-4084-B07C-1D190AB6C896}.Debug|x86.ActiveCfg = Debug|Any CPU
		{D9866F5E-E2C2-4084-B07C-1D190AB6C896}.Debug|x86.Build.0 = Debug|Any CPU
		{D9866F5E-E2C2-4084-B07C-1D190AB6C896}.Release|Any CPU.ActiveCfg = Release|Any CPU
		{D9866F5E-E2C2-4084-B07C-1D190AB6C896}.Release|Any CPU.Build.0 = Release|Any CPU
		{D9866F5E-E2C2-4084-B07C-1D190AB6C896}.Release|x64.ActiveCfg = Release|Any CPU
		{D9866F5E-E2C2-4084-B07C-1D190AB6C896}.Release|x64.Build.0 = Release|Any CPU
		{D9866F5E-E2C2-4084-B07C-1D190AB6C896}.Release|x86.ActiveCfg = Release|Any CPU
		{D9866F5E-E2C2-4084-B07C-1D190AB6C896}.Release|x86.Build.0 = Release|Any CPU
		{95718ED7-943E-4029-94A2-A624FDE0A409}.Debug|Any CPU.ActiveCfg = Debug|Any CPU
		{95718ED7-943E-4029-94A2-A624FDE0A409}.Debug|Any CPU.Build.0 = Debug|Any CPU
		{95718ED7-943E-4029-94A2-A624FDE0A409}.Debug|x64.ActiveCfg = Debug|Any CPU
		{95718ED7-943E-4029-94A2-A624FDE0A409}.Debug|x64.Build.0 = Debug|Any CPU
		{95718ED7-943E-4029-94A2-A624FDE0A409}.Debug|x86.ActiveCfg = Debug|Any CPU
		{95718ED7-943E-4029-94A2-A624FDE0A409}.Debug|x86.Build.0 = Debug|Any CPU
		{95718ED7-943E-4029-94A2-A624FDE0A409}.Release|Any CPU.ActiveCfg = Release|Any CPU
		{95718ED7-943E-4029-94A2-A624FDE0A409}.Release|Any CPU.Build.0 = Release|Any CPU
		{95718ED7-943E-4029-94A2-A624FDE0A409}.Release|x64.ActiveCfg = Release|Any CPU
		{95718ED7-943E-4029-94A2-A624FDE0A409}.Release|x64.Build.0 = Release|Any CPU
		{95718ED7-943E-4029-94A2-A624FDE0A409}.Release|x86.ActiveCfg = Release|Any CPU
		{95718ED7-943E-4029-94A2-A624FDE0A409}.Release|x86.Build.0 = Release|Any CPU
		{27A69FF3-7EEC-4D7E-BEB8-8FDEA07B0C83}.Debug|Any CPU.ActiveCfg = Debug|Any CPU
		{27A69FF3-7EEC-4D7E-BEB8-8FDEA07B0C83}.Debug|Any CPU.Build.0 = Debug|Any CPU
		{27A69FF3-7EEC-4D7E-BEB8-8FDEA07B0C83}.Debug|x64.ActiveCfg = Debug|Any CPU
		{27A69FF3-7EEC-4D7E-BEB8-8FDEA07B0C83}.Debug|x64.Build.0 = Debug|Any CPU
		{27A69FF3-7EEC-4D7E-BEB8-8FDEA07B0C83}.Debug|x86.ActiveCfg = Debug|Any CPU
		{27A69FF3-7EEC-4D7E-BEB8-8FDEA07B0C83}.Debug|x86.Build.0 = Debug|Any CPU
		{27A69FF3-7EEC-4D7E-BEB8-8FDEA07B0C83}.Release|Any CPU.ActiveCfg = Release|Any CPU
		{27A69FF3-7EEC-4D7E-BEB8-8FDEA07B0C83}.Release|Any CPU.Build.0 = Release|Any CPU
		{27A69FF3-7EEC-4D7E-BEB8-8FDEA07B0C83}.Release|x64.ActiveCfg = Release|Any CPU
		{27A69FF3-7EEC-4D7E-BEB8-8FDEA07B0C83}.Release|x64.Build.0 = Release|Any CPU
		{27A69FF3-7EEC-4D7E-BEB8-8FDEA07B0C83}.Release|x86.ActiveCfg = Release|Any CPU
		{27A69FF3-7EEC-4D7E-BEB8-8FDEA07B0C83}.Release|x86.Build.0 = Release|Any CPU
		{42AAA33B-66F1-4519-8EC8-3C6450811BB6}.Debug|Any CPU.ActiveCfg = Debug|Any CPU
		{42AAA33B-66F1-4519-8EC8-3C6450811BB6}.Debug|Any CPU.Build.0 = Debug|Any CPU
		{42AAA33B-66F1-4519-8EC8-3C6450811BB6}.Debug|x64.ActiveCfg = Debug|Any CPU
		{42AAA33B-66F1-4519-8EC8-3C6450811BB6}.Debug|x64.Build.0 = Debug|Any CPU
		{42AAA33B-66F1-4519-8EC8-3C6450811BB6}.Debug|x86.ActiveCfg = Debug|Any CPU
		{42AAA33B-66F1-4519-8EC8-3C6450811BB6}.Debug|x86.Build.0 = Debug|Any CPU
		{42AAA33B-66F1-4519-8EC8-3C6450811BB6}.Release|Any CPU.ActiveCfg = Release|Any CPU
		{42AAA33B-66F1-4519-8EC8-3C6450811BB6}.Release|Any CPU.Build.0 = Release|Any CPU
		{42AAA33B-66F1-4519-8EC8-3C6450811BB6}.Release|x64.ActiveCfg = Release|Any CPU
		{42AAA33B-66F1-4519-8EC8-3C6450811BB6}.Release|x64.Build.0 = Release|Any CPU
		{42AAA33B-66F1-4519-8EC8-3C6450811BB6}.Release|x86.ActiveCfg = Release|Any CPU
		{42AAA33B-66F1-4519-8EC8-3C6450811BB6}.Release|x86.Build.0 = Release|Any CPU
		{F8339C63-9B98-4A5C-950F-26DF23FEDE90}.Debug|Any CPU.ActiveCfg = Debug|Any CPU
		{F8339C63-9B98-4A5C-950F-26DF23FEDE90}.Debug|Any CPU.Build.0 = Debug|Any CPU
		{F8339C63-9B98-4A5C-950F-26DF23FEDE90}.Debug|x64.ActiveCfg = Debug|Any CPU
		{F8339C63-9B98-4A5C-950F-26DF23FEDE90}.Debug|x64.Build.0 = Debug|Any CPU
		{F8339C63-9B98-4A5C-950F-26DF23FEDE90}.Debug|x86.ActiveCfg = Debug|Any CPU
		{F8339C63-9B98-4A5C-950F-26DF23FEDE90}.Debug|x86.Build.0 = Debug|Any CPU
		{F8339C63-9B98-4A5C-950F-26DF23FEDE90}.Release|Any CPU.ActiveCfg = Release|Any CPU
		{F8339C63-9B98-4A5C-950F-26DF23FEDE90}.Release|Any CPU.Build.0 = Release|Any CPU
		{F8339C63-9B98-4A5C-950F-26DF23FEDE90}.Release|x64.ActiveCfg = Release|Any CPU
		{F8339C63-9B98-4A5C-950F-26DF23FEDE90}.Release|x64.Build.0 = Release|Any CPU
		{F8339C63-9B98-4A5C-950F-26DF23FEDE90}.Release|x86.ActiveCfg = Release|Any CPU
		{F8339C63-9B98-4A5C-950F-26DF23FEDE90}.Release|x86.Build.0 = Release|Any CPU
	EndGlobalSection
	GlobalSection(SolutionProperties) = preSolution
		HideSolutionNode = FALSE
	EndGlobalSection
	GlobalSection(NestedProjects) = preSolution
		{AD2A5A3B-A595-3E96-334A-002D08FE630C} = {827E0CD3-B72D-47B6-A68D-7590B98EB39B}
		{B2260B42-33D5-4142-BB2D-11313E794264} = {AD2A5A3B-A595-3E96-334A-002D08FE630C}
		{90298CBA-BD6F-3A0A-69D5-97CAD7B05E7E} = {827E0CD3-B72D-47B6-A68D-7590B98EB39B}
		{D3D7229C-19DA-4348-9D6C-1F6855E7310D} = {90298CBA-BD6F-3A0A-69D5-97CAD7B05E7E}
		{EC447DCF-ABFA-6E24-52A5-D7FD48A5C558} = {827E0CD3-B72D-47B6-A68D-7590B98EB39B}
		{A578F851-D81B-4E41-9FE8-746A890BC22F} = {EC447DCF-ABFA-6E24-52A5-D7FD48A5C558}
		{097D1440-867F-400D-814C-88BF7FBBBDAA} = {EC447DCF-ABFA-6E24-52A5-D7FD48A5C558}
		{D3F04323-51A4-4E59-844E-96F351D02AA0} = {EC447DCF-ABFA-6E24-52A5-D7FD48A5C558}
		{BD2799B2-F9CD-462C-9B17-7EC8D15B9F08} = {EC447DCF-ABFA-6E24-52A5-D7FD48A5C558}
		{C2A31C31-06CD-42FE-AA66-AD1E8844FED6} = {EC447DCF-ABFA-6E24-52A5-D7FD48A5C558}
		{33C19823-3A4F-4EB4-BDB7-EA0E78323180} = {EC447DCF-ABFA-6E24-52A5-D7FD48A5C558}
		{8CA56A8A-A618-4E86-A3E5-D9533F6B290D} = {EC447DCF-ABFA-6E24-52A5-D7FD48A5C558}
		{DF9E1005-3D6A-4878-A290-3EA8314F7583} = {EC447DCF-ABFA-6E24-52A5-D7FD48A5C558}
		{C4C79BED-5A56-4D39-BAC2-29EDB96D4AC5} = {EC447DCF-ABFA-6E24-52A5-D7FD48A5C558}
		{55D44A95-D4D0-4F3C-B070-EE9A3AC69E9C} = {EC447DCF-ABFA-6E24-52A5-D7FD48A5C558}
		{E94ADFBC-80DD-4455-9238-1CD4EEC8BBCD} = {0AB3BF05-4346-4AA6-1389-037BE0695223}
		{D9866F5E-E2C2-4084-B07C-1D190AB6C896} = {0AB3BF05-4346-4AA6-1389-037BE0695223}
		{95718ED7-943E-4029-94A2-A624FDE0A409} = {0AB3BF05-4346-4AA6-1389-037BE0695223}
		{27A69FF3-7EEC-4D7E-BEB8-8FDEA07B0C83} = {0AB3BF05-4346-4AA6-1389-037BE0695223}
		{42AAA33B-66F1-4519-8EC8-3C6450811BB6} = {EC447DCF-ABFA-6E24-52A5-D7FD48A5C558}
		{F8339C63-9B98-4A5C-950F-26DF23FEDE90} = {EC447DCF-ABFA-6E24-52A5-D7FD48A5C558}
	EndGlobalSection
EndGlobal
